// !$*UTF8*$!
{
	archiveVersion = 1;
	classes = {
	};
	objectVersion = 54;
	objects = {

/* Begin PBXBuildFile section */
		8D9AC87E23CE207200B61952 /* Friend.swift in Sources */ = {isa = PBXBuildFile; fileRef = 8D9AC87A23CE207200B61952 /* Friend.swift */; };
		8D9AC88023CE207200B61952 /* Headquarter.swift in Sources */ = {isa = PBXBuildFile; fileRef = 8D9AC87C23CE207200B61952 /* Headquarter.swift */; };
		A9D221BCBCFBF35CE605294F /* Pods_DaikiriSwift.framework in Frameworks */ = {isa = PBXBuildFile; fileRef = 443358BE5CE54DEA9EF2CE50 /* Pods_DaikiriSwift.framework */; };
		BB03E48C240D20C5003BBB59 /* Pivot.swift in Sources */ = {isa = PBXBuildFile; fileRef = BB03E48B240D20C5003BBB59 /* Pivot.swift */; };
		BB34429E2CD2A28700040BA0 /* Villain.swift in Sources */ = {isa = PBXBuildFile; fileRef = BB34429D2CD2A28600040BA0 /* Villain.swift */; };
		BB502C652543290B00BF4D75 /* FactoryTest.swift in Sources */ = {isa = PBXBuildFile; fileRef = BB502C642543290B00BF4D75 /* FactoryTest.swift */; };
		BB502C692543294200BF4D75 /* Factory.swift in Sources */ = {isa = PBXBuildFile; fileRef = BB502C682543294200BF4D75 /* Factory.swift */; };
		BB502C7825432D8200BF4D75 /* HeroFactory.swift in Sources */ = {isa = PBXBuildFile; fileRef = BB502C6D25432B2800BF4D75 /* HeroFactory.swift */; };
		BB502C7E25433CDE00BF4D75 /* Factoriable.swift in Sources */ = {isa = PBXBuildFile; fileRef = BB502C7D25433CDE00BF4D75 /* Factoriable.swift */; };
		BB502C822543418F00BF4D75 /* FriendFactory.swift in Sources */ = {isa = PBXBuildFile; fileRef = BB502C812543418F00BF4D75 /* FriendFactory.swift */; };
		BBF2D1D723CF843B009AA164 /* DaikiriCoreData+Test.swift in Sources */ = {isa = PBXBuildFile; fileRef = BBF2D1D623CF843B009AA164 /* DaikiriCoreData+Test.swift */; };
		BBFA645623CC8D3C00084620 /* AppDelegate.swift in Sources */ = {isa = PBXBuildFile; fileRef = BBFA645523CC8D3C00084620 /* AppDelegate.swift */; };
		BBFA645823CC8D3C00084620 /* SceneDelegate.swift in Sources */ = {isa = PBXBuildFile; fileRef = BBFA645723CC8D3C00084620 /* SceneDelegate.swift */; };
		BBFA645A23CC8D3C00084620 /* ViewController.swift in Sources */ = {isa = PBXBuildFile; fileRef = BBFA645923CC8D3C00084620 /* ViewController.swift */; };
		BBFA645D23CC8D3C00084620 /* Main.storyboard in Resources */ = {isa = PBXBuildFile; fileRef = BBFA645B23CC8D3C00084620 /* Main.storyboard */; };
		BBFA646023CC8D3C00084620 /* DaikiriSwift.xcdatamodeld in Sources */ = {isa = PBXBuildFile; fileRef = BBFA645E23CC8D3C00084620 /* DaikiriSwift.xcdatamodeld */; };
		BBFA646223CC8D3E00084620 /* Assets.xcassets in Resources */ = {isa = PBXBuildFile; fileRef = BBFA646123CC8D3E00084620 /* Assets.xcassets */; };
		BBFA646523CC8D3E00084620 /* LaunchScreen.storyboard in Resources */ = {isa = PBXBuildFile; fileRef = BBFA646323CC8D3E00084620 /* LaunchScreen.storyboard */; };
		BBFA647023CC8D3E00084620 /* DaikiriSwiftTests.swift in Sources */ = {isa = PBXBuildFile; fileRef = BBFA646F23CC8D3E00084620 /* DaikiriSwiftTests.swift */; };
		BBFA647C23CC8D4D00084620 /* Daikiri.swift in Sources */ = {isa = PBXBuildFile; fileRef = BBFA647B23CC8D4D00084620 /* Daikiri.swift */; };
		BBFA647E23CC8D5F00084620 /* Hero.swift in Sources */ = {isa = PBXBuildFile; fileRef = BBFA647D23CC8D5F00084620 /* Hero.swift */; };
		BBFA648023CC920600084620 /* DaikiriCoreData.swift in Sources */ = {isa = PBXBuildFile; fileRef = BBFA647F23CC920600084620 /* DaikiriCoreData.swift */; };
		BBFA648223CC98FB00084620 /* QueryBuilder.swift in Sources */ = {isa = PBXBuildFile; fileRef = BBFA648123CC98FB00084620 /* QueryBuilder.swift */; };
		BBFA648423CDCBAB00084620 /* DaikiriCoreDataTest.swift in Sources */ = {isa = PBXBuildFile; fileRef = BBFA648323CDCBAB00084620 /* DaikiriCoreDataTest.swift */; };
		D280EDF22243781E708501C9 /* Pods_DaikiriSwiftTests.framework in Frameworks */ = {isa = PBXBuildFile; fileRef = BAC66FEA6B7B0EA1CA8E1BE2 /* Pods_DaikiriSwiftTests.framework */; };
		EA05D42A2CD3769A00B52C88 /* NSManaged+daikiri.swift in Sources */ = {isa = PBXBuildFile; fileRef = EA05D4292CD3769900B52C88 /* NSManaged+daikiri.swift */; };
		EA05D42E2CD3776200B52C88 /* NonCodable.swift in Sources */ = {isa = PBXBuildFile; fileRef = EA05D42C2CD3776200B52C88 /* NonCodable.swift */; };
		EA05D4302CD3790000B52C88 /* DaikiriObject.swift in Sources */ = {isa = PBXBuildFile; fileRef = EA05D42F2CD378F700B52C88 /* DaikiriObject.swift */; };
		EA05D4322CD3844F00B52C88 /* Query.swift in Sources */ = {isa = PBXBuildFile; fileRef = EA05D4312CD3844800B52C88 /* Query.swift */; };
/* End PBXBuildFile section */

/* Begin PBXContainerItemProxy section */
		BBFA646C23CC8D3E00084620 /* PBXContainerItemProxy */ = {
			isa = PBXContainerItemProxy;
			containerPortal = BBFA644A23CC8D3C00084620 /* Project object */;
			proxyType = 1;
			remoteGlobalIDString = BBFA645123CC8D3C00084620;
			remoteInfo = DaikiriSwift;
		};
/* End PBXContainerItemProxy section */

/* Begin PBXFileReference section */
		3355B2D62804CC3546C7DE9A /* Pods-DaikiriSwift.release.xcconfig */ = {isa = PBXFileReference; includeInIndex = 1; lastKnownFileType = text.xcconfig; name = "Pods-DaikiriSwift.release.xcconfig"; path = "Target Support Files/Pods-DaikiriSwift/Pods-DaikiriSwift.release.xcconfig"; sourceTree = "<group>"; };
		3DA051FBBE3C4E769C5A1EB9 /* Pods-DaikiriSwiftTests.debug.xcconfig */ = {isa = PBXFileReference; includeInIndex = 1; lastKnownFileType = text.xcconfig; name = "Pods-DaikiriSwiftTests.debug.xcconfig"; path = "Target Support Files/Pods-DaikiriSwiftTests/Pods-DaikiriSwiftTests.debug.xcconfig"; sourceTree = "<group>"; };
		443358BE5CE54DEA9EF2CE50 /* Pods_DaikiriSwift.framework */ = {isa = PBXFileReference; explicitFileType = wrapper.framework; includeInIndex = 0; path = Pods_DaikiriSwift.framework; sourceTree = BUILT_PRODUCTS_DIR; };
		8D9AC87A23CE207200B61952 /* Friend.swift */ = {isa = PBXFileReference; lastKnownFileType = sourcecode.swift; path = Friend.swift; sourceTree = "<group>"; };
		8D9AC87C23CE207200B61952 /* Headquarter.swift */ = {isa = PBXFileReference; lastKnownFileType = sourcecode.swift; path = Headquarter.swift; sourceTree = "<group>"; };
		A76A49C4B12031C8F2113193 /* Pods-DaikiriSwiftTests.release.xcconfig */ = {isa = PBXFileReference; includeInIndex = 1; lastKnownFileType = text.xcconfig; name = "Pods-DaikiriSwiftTests.release.xcconfig"; path = "Target Support Files/Pods-DaikiriSwiftTests/Pods-DaikiriSwiftTests.release.xcconfig"; sourceTree = "<group>"; };
		BAC66FEA6B7B0EA1CA8E1BE2 /* Pods_DaikiriSwiftTests.framework */ = {isa = PBXFileReference; explicitFileType = wrapper.framework; includeInIndex = 0; path = Pods_DaikiriSwiftTests.framework; sourceTree = BUILT_PRODUCTS_DIR; };
		BB03E48B240D20C5003BBB59 /* Pivot.swift */ = {isa = PBXFileReference; lastKnownFileType = sourcecode.swift; path = Pivot.swift; sourceTree = "<group>"; };
		BB34429D2CD2A28600040BA0 /* Villain.swift */ = {isa = PBXFileReference; lastKnownFileType = sourcecode.swift; path = Villain.swift; sourceTree = "<group>"; };
		BB502C642543290B00BF4D75 /* FactoryTest.swift */ = {isa = PBXFileReference; lastKnownFileType = sourcecode.swift; path = FactoryTest.swift; sourceTree = "<group>"; };
		BB502C682543294200BF4D75 /* Factory.swift */ = {isa = PBXFileReference; lastKnownFileType = sourcecode.swift; path = Factory.swift; sourceTree = "<group>"; };
		BB502C6D25432B2800BF4D75 /* HeroFactory.swift */ = {isa = PBXFileReference; lastKnownFileType = sourcecode.swift; path = HeroFactory.swift; sourceTree = "<group>"; };
		BB502C7D25433CDE00BF4D75 /* Factoriable.swift */ = {isa = PBXFileReference; lastKnownFileType = sourcecode.swift; path = Factoriable.swift; sourceTree = "<group>"; };
		BB502C812543418F00BF4D75 /* FriendFactory.swift */ = {isa = PBXFileReference; lastKnownFileType = sourcecode.swift; path = FriendFactory.swift; sourceTree = "<group>"; };
		BBF2D1D623CF843B009AA164 /* DaikiriCoreData+Test.swift */ = {isa = PBXFileReference; lastKnownFileType = sourcecode.swift; path = "DaikiriCoreData+Test.swift"; sourceTree = "<group>"; };
		BBFA645223CC8D3C00084620 /* DaikiriSwift.app */ = {isa = PBXFileReference; explicitFileType = wrapper.application; includeInIndex = 0; path = DaikiriSwift.app; sourceTree = BUILT_PRODUCTS_DIR; };
		BBFA645523CC8D3C00084620 /* AppDelegate.swift */ = {isa = PBXFileReference; lastKnownFileType = sourcecode.swift; path = AppDelegate.swift; sourceTree = "<group>"; };
		BBFA645723CC8D3C00084620 /* SceneDelegate.swift */ = {isa = PBXFileReference; lastKnownFileType = sourcecode.swift; path = SceneDelegate.swift; sourceTree = "<group>"; };
		BBFA645923CC8D3C00084620 /* ViewController.swift */ = {isa = PBXFileReference; lastKnownFileType = sourcecode.swift; path = ViewController.swift; sourceTree = "<group>"; };
		BBFA645C23CC8D3C00084620 /* Base */ = {isa = PBXFileReference; lastKnownFileType = file.storyboard; name = Base; path = Base.lproj/Main.storyboard; sourceTree = "<group>"; };
		BBFA645F23CC8D3C00084620 /* DaikiriSwift.xcdatamodel */ = {isa = PBXFileReference; lastKnownFileType = wrapper.xcdatamodel; path = DaikiriSwift.xcdatamodel; sourceTree = "<group>"; };
		BBFA646123CC8D3E00084620 /* Assets.xcassets */ = {isa = PBXFileReference; lastKnownFileType = folder.assetcatalog; path = Assets.xcassets; sourceTree = "<group>"; };
		BBFA646423CC8D3E00084620 /* Base */ = {isa = PBXFileReference; lastKnownFileType = file.storyboard; name = Base; path = Base.lproj/LaunchScreen.storyboard; sourceTree = "<group>"; };
		BBFA646623CC8D3E00084620 /* Info.plist */ = {isa = PBXFileReference; lastKnownFileType = text.plist.xml; path = Info.plist; sourceTree = "<group>"; };
		BBFA646B23CC8D3E00084620 /* DaikiriSwiftTests.xctest */ = {isa = PBXFileReference; explicitFileType = wrapper.cfbundle; includeInIndex = 0; path = DaikiriSwiftTests.xctest; sourceTree = BUILT_PRODUCTS_DIR; };
		BBFA646F23CC8D3E00084620 /* DaikiriSwiftTests.swift */ = {isa = PBXFileReference; lastKnownFileType = sourcecode.swift; path = DaikiriSwiftTests.swift; sourceTree = "<group>"; };
		BBFA647123CC8D3E00084620 /* Info.plist */ = {isa = PBXFileReference; lastKnownFileType = text.plist.xml; path = Info.plist; sourceTree = "<group>"; };
		BBFA647B23CC8D4D00084620 /* Daikiri.swift */ = {isa = PBXFileReference; lastKnownFileType = sourcecode.swift; path = Daikiri.swift; sourceTree = "<group>"; };
		BBFA647D23CC8D5F00084620 /* Hero.swift */ = {isa = PBXFileReference; lastKnownFileType = sourcecode.swift; path = Hero.swift; sourceTree = "<group>"; };
		BBFA647F23CC920600084620 /* DaikiriCoreData.swift */ = {isa = PBXFileReference; lastKnownFileType = sourcecode.swift; path = DaikiriCoreData.swift; sourceTree = "<group>"; };
		BBFA648123CC98FB00084620 /* QueryBuilder.swift */ = {isa = PBXFileReference; lastKnownFileType = sourcecode.swift; path = QueryBuilder.swift; sourceTree = "<group>"; };
		BBFA648323CDCBAB00084620 /* DaikiriCoreDataTest.swift */ = {isa = PBXFileReference; lastKnownFileType = sourcecode.swift; path = DaikiriCoreDataTest.swift; sourceTree = "<group>"; };
		DD634C722D8C3F40FD706B2E /* Pods-DaikiriSwift.debug.xcconfig */ = {isa = PBXFileReference; includeInIndex = 1; lastKnownFileType = text.xcconfig; name = "Pods-DaikiriSwift.debug.xcconfig"; path = "Target Support Files/Pods-DaikiriSwift/Pods-DaikiriSwift.debug.xcconfig"; sourceTree = "<group>"; };
		EA05D4292CD3769900B52C88 /* NSManaged+daikiri.swift */ = {isa = PBXFileReference; lastKnownFileType = sourcecode.swift; path = "NSManaged+daikiri.swift"; sourceTree = "<group>"; };
		EA05D42C2CD3776200B52C88 /* NonCodable.swift */ = {isa = PBXFileReference; lastKnownFileType = sourcecode.swift; path = NonCodable.swift; sourceTree = "<group>"; };
		EA05D42F2CD378F700B52C88 /* DaikiriObject.swift */ = {isa = PBXFileReference; lastKnownFileType = sourcecode.swift; path = DaikiriObject.swift; sourceTree = "<group>"; };
		EA05D4312CD3844800B52C88 /* Query.swift */ = {isa = PBXFileReference; lastKnownFileType = sourcecode.swift; path = Query.swift; sourceTree = "<group>"; };
/* End PBXFileReference section */

/* Begin PBXFrameworksBuildPhase section */
		BBFA644F23CC8D3C00084620 /* Frameworks */ = {
			isa = PBXFrameworksBuildPhase;
			buildActionMask = 2147483647;
			files = (
				A9D221BCBCFBF35CE605294F /* Pods_DaikiriSwift.framework in Frameworks */,
			);
			runOnlyForDeploymentPostprocessing = 0;
		};
		BBFA646823CC8D3E00084620 /* Frameworks */ = {
			isa = PBXFrameworksBuildPhase;
			buildActionMask = 2147483647;
			files = (
				D280EDF22243781E708501C9 /* Pods_DaikiriSwiftTests.framework in Frameworks */,
			);
			runOnlyForDeploymentPostprocessing = 0;
		};
/* End PBXFrameworksBuildPhase section */

/* Begin PBXGroup section */
		72983BD5AF4F1063AE062E31 /* Pods */ = {
			isa = PBXGroup;
			children = (
				DD634C722D8C3F40FD706B2E /* Pods-DaikiriSwift.debug.xcconfig */,
				3355B2D62804CC3546C7DE9A /* Pods-DaikiriSwift.release.xcconfig */,
				3DA051FBBE3C4E769C5A1EB9 /* Pods-DaikiriSwiftTests.debug.xcconfig */,
				A76A49C4B12031C8F2113193 /* Pods-DaikiriSwiftTests.release.xcconfig */,
			);
			path = Pods;
			sourceTree = "<group>";
		};
		8D9AC87523CE06C400B61952 /* models */ = {
			isa = PBXGroup;
			children = (
				BBFA645E23CC8D3C00084620 /* DaikiriSwift.xcdatamodeld */,
				BBFA647D23CC8D5F00084620 /* Hero.swift */,
				BB34429D2CD2A28600040BA0 /* Villain.swift */,
				8D9AC87A23CE207200B61952 /* Friend.swift */,
				8D9AC87C23CE207200B61952 /* Headquarter.swift */,
				BB03E48B240D20C5003BBB59 /* Pivot.swift */,
			);
			path = models;
			sourceTree = "<group>";
		};
		BB103B5323D1A8E400066EE8 /* factories */ = {
			isa = PBXGroup;
			children = (
				BB502C682543294200BF4D75 /* Factory.swift */,
				BB502C7D25433CDE00BF4D75 /* Factoriable.swift */,
			);
			path = factories;
			sourceTree = "<group>";
		};
		BB502C6C25432B1400BF4D75 /* factories */ = {
			isa = PBXGroup;
			children = (
				BB502C6D25432B2800BF4D75 /* HeroFactory.swift */,
				BB502C812543418F00BF4D75 /* FriendFactory.swift */,
			);
			path = factories;
			sourceTree = "<group>";
		};
		BBFA644923CC8D3C00084620 = {
			isa = PBXGroup;
			children = (
				BBFA645423CC8D3C00084620 /* DaikiriSwift */,
				BBFA646E23CC8D3E00084620 /* DaikiriSwiftTests */,
				BBFA645323CC8D3C00084620 /* Products */,
				72983BD5AF4F1063AE062E31 /* Pods */,
				D533536DC3467CDAF07EEC02 /* Frameworks */,
			);
			sourceTree = "<group>";
		};
		BBFA645323CC8D3C00084620 /* Products */ = {
			isa = PBXGroup;
			children = (
				BBFA645223CC8D3C00084620 /* DaikiriSwift.app */,
				BBFA646B23CC8D3E00084620 /* DaikiriSwiftTests.xctest */,
			);
			name = Products;
			sourceTree = "<group>";
		};
		BBFA645423CC8D3C00084620 /* DaikiriSwift */ = {
			isa = PBXGroup;
			children = (
				8D9AC87523CE06C400B61952 /* models */,
				BBFA647A23CC8D4400084620 /* src */,
				BBFA645523CC8D3C00084620 /* AppDelegate.swift */,
				BBFA645723CC8D3C00084620 /* SceneDelegate.swift */,
				BBFA645923CC8D3C00084620 /* ViewController.swift */,
				BBFA645B23CC8D3C00084620 /* Main.storyboard */,
				BBFA646123CC8D3E00084620 /* Assets.xcassets */,
				BBFA646323CC8D3E00084620 /* LaunchScreen.storyboard */,
				BBFA646623CC8D3E00084620 /* Info.plist */,
			);
			path = DaikiriSwift;
			sourceTree = "<group>";
		};
		BBFA646E23CC8D3E00084620 /* DaikiriSwiftTests */ = {
			isa = PBXGroup;
			children = (
				BB502C6C25432B1400BF4D75 /* factories */,
				BBFA646F23CC8D3E00084620 /* DaikiriSwiftTests.swift */,
				BBFA648323CDCBAB00084620 /* DaikiriCoreDataTest.swift */,
				BBFA647123CC8D3E00084620 /* Info.plist */,
				BB502C642543290B00BF4D75 /* FactoryTest.swift */,
			);
			path = DaikiriSwiftTests;
			sourceTree = "<group>";
		};
		BBFA647A23CC8D4400084620 /* src */ = {
			isa = PBXGroup;
			children = (
				EA05D4312CD3844800B52C88 /* Query.swift */,
				EA05D42D2CD3776200B52C88 /* propertyWrappers */,
				EA05D4282CD3768D00B52C88 /* extensions */,
				BB103B5323D1A8E400066EE8 /* factories */,
				BBFA647B23CC8D4D00084620 /* Daikiri.swift */,
				EA05D42F2CD378F700B52C88 /* DaikiriObject.swift */,
				BBFA647F23CC920600084620 /* DaikiriCoreData.swift */,
				BBF2D1D623CF843B009AA164 /* DaikiriCoreData+Test.swift */,
				BBFA648123CC98FB00084620 /* QueryBuilder.swift */,
			);
			path = src;
			sourceTree = "<group>";
		};
		D533536DC3467CDAF07EEC02 /* Frameworks */ = {
			isa = PBXGroup;
			children = (
				443358BE5CE54DEA9EF2CE50 /* Pods_DaikiriSwift.framework */,
				BAC66FEA6B7B0EA1CA8E1BE2 /* Pods_DaikiriSwiftTests.framework */,
			);
			name = Frameworks;
			sourceTree = "<group>";
		};
		EA05D4282CD3768D00B52C88 /* extensions */ = {
			isa = PBXGroup;
			children = (
				EA05D4292CD3769900B52C88 /* NSManaged+daikiri.swift */,
			);
			path = extensions;
			sourceTree = "<group>";
		};
		EA05D42D2CD3776200B52C88 /* propertyWrappers */ = {
			isa = PBXGroup;
			children = (
				EA05D42C2CD3776200B52C88 /* NonCodable.swift */,
			);
			path = propertyWrappers;
			sourceTree = "<group>";
		};
/* End PBXGroup section */

/* Begin PBXNativeTarget section */
		BBFA645123CC8D3C00084620 /* DaikiriSwift */ = {
			isa = PBXNativeTarget;
			buildConfigurationList = BBFA647423CC8D3E00084620 /* Build configuration list for PBXNativeTarget "DaikiriSwift" */;
			buildPhases = (
				9317F589CB6C20261D1D25AD /* [CP] Check Pods Manifest.lock */,
				BBFA644E23CC8D3C00084620 /* Sources */,
				BBFA644F23CC8D3C00084620 /* Frameworks */,
				BBFA645023CC8D3C00084620 /* Resources */,
			);
			buildRules = (
			);
			dependencies = (
			);
			name = DaikiriSwift;
			productName = DaikiriSwift;
			productReference = BBFA645223CC8D3C00084620 /* DaikiriSwift.app */;
			productType = "com.apple.product-type.application";
		};
		BBFA646A23CC8D3E00084620 /* DaikiriSwiftTests */ = {
			isa = PBXNativeTarget;
			buildConfigurationList = BBFA647723CC8D3E00084620 /* Build configuration list for PBXNativeTarget "DaikiriSwiftTests" */;
			buildPhases = (
				39A2C11BC6E513EDE26A7A33 /* [CP] Check Pods Manifest.lock */,
				BBFA646723CC8D3E00084620 /* Sources */,
				BBFA646823CC8D3E00084620 /* Frameworks */,
				BBFA646923CC8D3E00084620 /* Resources */,
				98EA4ED1493A5C96F0CE5194 /* [CP] Embed Pods Frameworks */,
			);
			buildRules = (
			);
			dependencies = (
				BBFA646D23CC8D3E00084620 /* PBXTargetDependency */,
			);
			name = DaikiriSwiftTests;
			productName = DaikiriSwiftTests;
			productReference = BBFA646B23CC8D3E00084620 /* DaikiriSwiftTests.xctest */;
			productType = "com.apple.product-type.bundle.unit-test";
		};
/* End PBXNativeTarget section */

/* Begin PBXProject section */
		BBFA644A23CC8D3C00084620 /* Project object */ = {
			isa = PBXProject;
			attributes = {
				BuildIndependentTargetsInParallel = YES;
				LastSwiftUpdateCheck = 1130;
				LastUpgradeCheck = 1610;
				ORGANIZATIONNAME = "Jordi Puigdellívol";
				TargetAttributes = {
					BBFA645123CC8D3C00084620 = {
						CreatedOnToolsVersion = 11.3;
					};
					BBFA646A23CC8D3E00084620 = {
						CreatedOnToolsVersion = 11.3;
						TestTargetID = BBFA645123CC8D3C00084620;
					};
				};
			};
			buildConfigurationList = BBFA644D23CC8D3C00084620 /* Build configuration list for PBXProject "DaikiriSwift" */;
			compatibilityVersion = "Xcode 9.3";
			developmentRegion = en;
			hasScannedForEncodings = 0;
			knownRegions = (
				en,
				Base,
			);
			mainGroup = BBFA644923CC8D3C00084620;
			productRefGroup = BBFA645323CC8D3C00084620 /* Products */;
			projectDirPath = "";
			projectRoot = "";
			targets = (
				BBFA645123CC8D3C00084620 /* DaikiriSwift */,
				BBFA646A23CC8D3E00084620 /* DaikiriSwiftTests */,
			);
		};
/* End PBXProject section */

/* Begin PBXResourcesBuildPhase section */
		BBFA645023CC8D3C00084620 /* Resources */ = {
			isa = PBXResourcesBuildPhase;
			buildActionMask = 2147483647;
			files = (
				BBFA646523CC8D3E00084620 /* LaunchScreen.storyboard in Resources */,
				BBFA646223CC8D3E00084620 /* Assets.xcassets in Resources */,
				BBFA645D23CC8D3C00084620 /* Main.storyboard in Resources */,
			);
			runOnlyForDeploymentPostprocessing = 0;
		};
		BBFA646923CC8D3E00084620 /* Resources */ = {
			isa = PBXResourcesBuildPhase;
			buildActionMask = 2147483647;
			files = (
			);
			runOnlyForDeploymentPostprocessing = 0;
		};
/* End PBXResourcesBuildPhase section */

/* Begin PBXShellScriptBuildPhase section */
		39A2C11BC6E513EDE26A7A33 /* [CP] Check Pods Manifest.lock */ = {
			isa = PBXShellScriptBuildPhase;
			buildActionMask = 2147483647;
			files = (
			);
			inputFileListPaths = (
			);
			inputPaths = (
				"${PODS_PODFILE_DIR_PATH}/Podfile.lock",
				"${PODS_ROOT}/Manifest.lock",
			);
			name = "[CP] Check Pods Manifest.lock";
			outputFileListPaths = (
			);
			outputPaths = (
				"$(DERIVED_FILE_DIR)/Pods-DaikiriSwiftTests-checkManifestLockResult.txt",
			);
			runOnlyForDeploymentPostprocessing = 0;
			shellPath = /bin/sh;
			shellScript = "diff \"${PODS_PODFILE_DIR_PATH}/Podfile.lock\" \"${PODS_ROOT}/Manifest.lock\" > /dev/null\nif [ $? != 0 ] ; then\n    # print error to STDERR\n    echo \"error: The sandbox is not in sync with the Podfile.lock. Run 'pod install' or update your CocoaPods installation.\" >&2\n    exit 1\nfi\n# This output is used by Xcode 'outputs' to avoid re-running this script phase.\necho \"SUCCESS\" > \"${SCRIPT_OUTPUT_FILE_0}\"\n";
			showEnvVarsInLog = 0;
		};
		9317F589CB6C20261D1D25AD /* [CP] Check Pods Manifest.lock */ = {
			isa = PBXShellScriptBuildPhase;
			buildActionMask = 2147483647;
			files = (
			);
			inputFileListPaths = (
			);
			inputPaths = (
				"${PODS_PODFILE_DIR_PATH}/Podfile.lock",
				"${PODS_ROOT}/Manifest.lock",
			);
			name = "[CP] Check Pods Manifest.lock";
			outputFileListPaths = (
			);
			outputPaths = (
				"$(DERIVED_FILE_DIR)/Pods-DaikiriSwift-checkManifestLockResult.txt",
			);
			runOnlyForDeploymentPostprocessing = 0;
			shellPath = /bin/sh;
			shellScript = "diff \"${PODS_PODFILE_DIR_PATH}/Podfile.lock\" \"${PODS_ROOT}/Manifest.lock\" > /dev/null\nif [ $? != 0 ] ; then\n    # print error to STDERR\n    echo \"error: The sandbox is not in sync with the Podfile.lock. Run 'pod install' or update your CocoaPods installation.\" >&2\n    exit 1\nfi\n# This output is used by Xcode 'outputs' to avoid re-running this script phase.\necho \"SUCCESS\" > \"${SCRIPT_OUTPUT_FILE_0}\"\n";
			showEnvVarsInLog = 0;
		};
		98EA4ED1493A5C96F0CE5194 /* [CP] Embed Pods Frameworks */ = {
			isa = PBXShellScriptBuildPhase;
			buildActionMask = 2147483647;
			files = (
			);
			inputFileListPaths = (
				"${PODS_ROOT}/Target Support Files/Pods-DaikiriSwiftTests/Pods-DaikiriSwiftTests-frameworks-${CONFIGURATION}-input-files.xcfilelist",
			);
			name = "[CP] Embed Pods Frameworks";
			outputFileListPaths = (
				"${PODS_ROOT}/Target Support Files/Pods-DaikiriSwiftTests/Pods-DaikiriSwiftTests-frameworks-${CONFIGURATION}-output-files.xcfilelist",
			);
			runOnlyForDeploymentPostprocessing = 0;
			shellPath = /bin/sh;
			shellScript = "\"${PODS_ROOT}/Target Support Files/Pods-DaikiriSwiftTests/Pods-DaikiriSwiftTests-frameworks.sh\"\n";
			showEnvVarsInLog = 0;
		};
/* End PBXShellScriptBuildPhase section */

/* Begin PBXSourcesBuildPhase section */
		BBFA644E23CC8D3C00084620 /* Sources */ = {
			isa = PBXSourcesBuildPhase;
			buildActionMask = 2147483647;
			files = (
				BBFA645A23CC8D3C00084620 /* ViewController.swift in Sources */,
				BB03E48C240D20C5003BBB59 /* Pivot.swift in Sources */,
				EA05D42E2CD3776200B52C88 /* NonCodable.swift in Sources */,
				EA05D42A2CD3769A00B52C88 /* NSManaged+daikiri.swift in Sources */,
				BBFA647C23CC8D4D00084620 /* Daikiri.swift in Sources */,
				8D9AC87E23CE207200B61952 /* Friend.swift in Sources */,
				BBFA648023CC920600084620 /* DaikiriCoreData.swift in Sources */,
				BBFA645623CC8D3C00084620 /* AppDelegate.swift in Sources */,
				EA05D4322CD3844F00B52C88 /* Query.swift in Sources */,
				BB34429E2CD2A28700040BA0 /* Villain.swift in Sources */,
				BB502C7E25433CDE00BF4D75 /* Factoriable.swift in Sources */,
				BBFA645823CC8D3C00084620 /* SceneDelegate.swift in Sources */,
				8D9AC88023CE207200B61952 /* Headquarter.swift in Sources */,
				BBFA646023CC8D3C00084620 /* DaikiriSwift.xcdatamodeld in Sources */,
				BB502C692543294200BF4D75 /* Factory.swift in Sources */,
				EA05D4302CD3790000B52C88 /* DaikiriObject.swift in Sources */,
				BBFA648223CC98FB00084620 /* QueryBuilder.swift in Sources */,
				BBF2D1D723CF843B009AA164 /* DaikiriCoreData+Test.swift in Sources */,
				BBFA647E23CC8D5F00084620 /* Hero.swift in Sources */,
			);
			runOnlyForDeploymentPostprocessing = 0;
		};
		BBFA646723CC8D3E00084620 /* Sources */ = {
			isa = PBXSourcesBuildPhase;
			buildActionMask = 2147483647;
			files = (
				BB502C652543290B00BF4D75 /* FactoryTest.swift in Sources */,
				BBFA648423CDCBAB00084620 /* DaikiriCoreDataTest.swift in Sources */,
				BB502C822543418F00BF4D75 /* FriendFactory.swift in Sources */,
				BB502C7825432D8200BF4D75 /* HeroFactory.swift in Sources */,
				BBFA647023CC8D3E00084620 /* DaikiriSwiftTests.swift in Sources */,
			);
			runOnlyForDeploymentPostprocessing = 0;
		};
/* End PBXSourcesBuildPhase section */

/* Begin PBXTargetDependency section */
		BBFA646D23CC8D3E00084620 /* PBXTargetDependency */ = {
			isa = PBXTargetDependency;
			target = BBFA645123CC8D3C00084620 /* DaikiriSwift */;
			targetProxy = BBFA646C23CC8D3E00084620 /* PBXContainerItemProxy */;
		};
/* End PBXTargetDependency section */

/* Begin PBXVariantGroup section */
		BBFA645B23CC8D3C00084620 /* Main.storyboard */ = {
			isa = PBXVariantGroup;
			children = (
				BBFA645C23CC8D3C00084620 /* Base */,
			);
			name = Main.storyboard;
			sourceTree = "<group>";
		};
		BBFA646323CC8D3E00084620 /* LaunchScreen.storyboard */ = {
			isa = PBXVariantGroup;
			children = (
				BBFA646423CC8D3E00084620 /* Base */,
			);
			name = LaunchScreen.storyboard;
			sourceTree = "<group>";
		};
/* End PBXVariantGroup section */

/* Begin XCBuildConfiguration section */
		BBFA647223CC8D3E00084620 /* Debug */ = {
			isa = XCBuildConfiguration;
			buildSettings = {
				ALWAYS_SEARCH_USER_PATHS = NO;
				CLANG_ANALYZER_NONNULL = YES;
				CLANG_ANALYZER_NUMBER_OBJECT_CONVERSION = YES_AGGRESSIVE;
				CLANG_CXX_LANGUAGE_STANDARD = "gnu++14";
				CLANG_CXX_LIBRARY = "libc++";
				CLANG_ENABLE_MODULES = YES;
				CLANG_ENABLE_OBJC_ARC = YES;
				CLANG_ENABLE_OBJC_WEAK = YES;
				CLANG_WARN_BLOCK_CAPTURE_AUTORELEASING = YES;
				CLANG_WARN_BOOL_CONVERSION = YES;
				CLANG_WARN_COMMA = YES;
				CLANG_WARN_CONSTANT_CONVERSION = YES;
				CLANG_WARN_DEPRECATED_OBJC_IMPLEMENTATIONS = YES;
				CLANG_WARN_DIRECT_OBJC_ISA_USAGE = YES_ERROR;
				CLANG_WARN_DOCUMENTATION_COMMENTS = YES;
				CLANG_WARN_EMPTY_BODY = YES;
				CLANG_WARN_ENUM_CONVERSION = YES;
				CLANG_WARN_INFINITE_RECURSION = YES;
				CLANG_WARN_INT_CONVERSION = YES;
				CLANG_WARN_NON_LITERAL_NULL_CONVERSION = YES;
				CLANG_WARN_OBJC_IMPLICIT_RETAIN_SELF = YES;
				CLANG_WARN_OBJC_LITERAL_CONVERSION = YES;
				CLANG_WARN_OBJC_ROOT_CLASS = YES_ERROR;
				CLANG_WARN_QUOTED_INCLUDE_IN_FRAMEWORK_HEADER = YES;
				CLANG_WARN_RANGE_LOOP_ANALYSIS = YES;
				CLANG_WARN_STRICT_PROTOTYPES = YES;
				CLANG_WARN_SUSPICIOUS_MOVE = YES;
				CLANG_WARN_UNGUARDED_AVAILABILITY = YES_AGGRESSIVE;
				CLANG_WARN_UNREACHABLE_CODE = YES;
				CLANG_WARN__DUPLICATE_METHOD_MATCH = YES;
				COPY_PHASE_STRIP = NO;
				DEBUG_INFORMATION_FORMAT = dwarf;
				ENABLE_STRICT_OBJC_MSGSEND = YES;
				ENABLE_TESTABILITY = YES;
				ENABLE_USER_SCRIPT_SANDBOXING = NO;
				GCC_C_LANGUAGE_STANDARD = gnu11;
				GCC_DYNAMIC_NO_PIC = NO;
				GCC_NO_COMMON_BLOCKS = YES;
				GCC_OPTIMIZATION_LEVEL = 0;
				GCC_PREPROCESSOR_DEFINITIONS = (
					"DEBUG=1",
					"$(inherited)",
				);
				GCC_WARN_64_TO_32_BIT_CONVERSION = YES;
				GCC_WARN_ABOUT_RETURN_TYPE = YES_ERROR;
				GCC_WARN_UNDECLARED_SELECTOR = YES;
				GCC_WARN_UNINITIALIZED_AUTOS = YES_AGGRESSIVE;
				GCC_WARN_UNUSED_FUNCTION = YES;
				GCC_WARN_UNUSED_VARIABLE = YES;
				IPHONEOS_DEPLOYMENT_TARGET = 13.2;
				MTL_ENABLE_DEBUG_INFO = INCLUDE_SOURCE;
				MTL_FAST_MATH = YES;
				ONLY_ACTIVE_ARCH = YES;
				SDKROOT = iphoneos;
				SWIFT_ACTIVE_COMPILATION_CONDITIONS = DEBUG;
				SWIFT_OPTIMIZATION_LEVEL = "-Onone";
			};
			name = Debug;
		};
		BBFA647323CC8D3E00084620 /* Release */ = {
			isa = XCBuildConfiguration;
			buildSettings = {
				ALWAYS_SEARCH_USER_PATHS = NO;
				CLANG_ANALYZER_NONNULL = YES;
				CLANG_ANALYZER_NUMBER_OBJECT_CONVERSION = YES_AGGRESSIVE;
				CLANG_CXX_LANGUAGE_STANDARD = "gnu++14";
				CLANG_CXX_LIBRARY = "libc++";
				CLANG_ENABLE_MODULES = YES;
				CLANG_ENABLE_OBJC_ARC = YES;
				CLANG_ENABLE_OBJC_WEAK = YES;
				CLANG_WARN_BLOCK_CAPTURE_AUTORELEASING = YES;
				CLANG_WARN_BOOL_CONVERSION = YES;
				CLANG_WARN_COMMA = YES;
				CLANG_WARN_CONSTANT_CONVERSION = YES;
				CLANG_WARN_DEPRECATED_OBJC_IMPLEMENTATIONS = YES;
				CLANG_WARN_DIRECT_OBJC_ISA_USAGE = YES_ERROR;
				CLANG_WARN_DOCUMENTATION_COMMENTS = YES;
				CLANG_WARN_EMPTY_BODY = YES;
				CLANG_WARN_ENUM_CONVERSION = YES;
				CLANG_WARN_INFINITE_RECURSION = YES;
				CLANG_WARN_INT_CONVERSION = YES;
				CLANG_WARN_NON_LITERAL_NULL_CONVERSION = YES;
				CLANG_WARN_OBJC_IMPLICIT_RETAIN_SELF = YES;
				CLANG_WARN_OBJC_LITERAL_CONVERSION = YES;
				CLANG_WARN_OBJC_ROOT_CLASS = YES_ERROR;
				CLANG_WARN_QUOTED_INCLUDE_IN_FRAMEWORK_HEADER = YES;
				CLANG_WARN_RANGE_LOOP_ANALYSIS = YES;
				CLANG_WARN_STRICT_PROTOTYPES = YES;
				CLANG_WARN_SUSPICIOUS_MOVE = YES;
				CLANG_WARN_UNGUARDED_AVAILABILITY = YES_AGGRESSIVE;
				CLANG_WARN_UNREACHABLE_CODE = YES;
				CLANG_WARN__DUPLICATE_METHOD_MATCH = YES;
				COPY_PHASE_STRIP = NO;
				DEBUG_INFORMATION_FORMAT = "dwarf-with-dsym";
				ENABLE_NS_ASSERTIONS = NO;
				ENABLE_STRICT_OBJC_MSGSEND = YES;
				ENABLE_USER_SCRIPT_SANDBOXING = NO;
				GCC_C_LANGUAGE_STANDARD = gnu11;
				GCC_NO_COMMON_BLOCKS = YES;
				GCC_WARN_64_TO_32_BIT_CONVERSION = YES;
				GCC_WARN_ABOUT_RETURN_TYPE = YES_ERROR;
				GCC_WARN_UNDECLARED_SELECTOR = YES;
				GCC_WARN_UNINITIALIZED_AUTOS = YES_AGGRESSIVE;
				GCC_WARN_UNUSED_FUNCTION = YES;
				GCC_WARN_UNUSED_VARIABLE = YES;
				IPHONEOS_DEPLOYMENT_TARGET = 13.2;
				MTL_ENABLE_DEBUG_INFO = NO;
				MTL_FAST_MATH = YES;
				SDKROOT = iphoneos;
				SWIFT_COMPILATION_MODE = wholemodule;
				SWIFT_OPTIMIZATION_LEVEL = "-O";
				VALIDATE_PRODUCT = YES;
			};
			name = Release;
		};
		BBFA647523CC8D3E00084620 /* Debug */ = {
			isa = XCBuildConfiguration;
			baseConfigurationReference = DD634C722D8C3F40FD706B2E /* Pods-DaikiriSwift.debug.xcconfig */;
			buildSettings = {
				ASSETCATALOG_COMPILER_APPICON_NAME = AppIcon;
				CODE_SIGN_STYLE = Automatic;
				DEVELOPMENT_TEAM = F2VSE3YKKD;
				INFOPLIST_FILE = DaikiriSwift/Info.plist;
				LD_RUNPATH_SEARCH_PATHS = (
					"$(inherited)",
					"@executable_path/Frameworks",
				);
				PRODUCT_BUNDLE_IDENTIFIER = works.revo.DaikiriSwift;
				PRODUCT_NAME = "$(TARGET_NAME)";
				SWIFT_VERSION = 5.0;
				TARGETED_DEVICE_FAMILY = "1,2";
			};
			name = Debug;
		};
		BBFA647623CC8D3E00084620 /* Release */ = {
			isa = XCBuildConfiguration;
			baseConfigurationReference = 3355B2D62804CC3546C7DE9A /* Pods-DaikiriSwift.release.xcconfig */;
			buildSettings = {
				ASSETCATALOG_COMPILER_APPICON_NAME = AppIcon;
				CODE_SIGN_STYLE = Automatic;
				DEVELOPMENT_TEAM = F2VSE3YKKD;
				INFOPLIST_FILE = DaikiriSwift/Info.plist;
				LD_RUNPATH_SEARCH_PATHS = (
					"$(inherited)",
					"@executable_path/Frameworks",
				);
				PRODUCT_BUNDLE_IDENTIFIER = works.revo.DaikiriSwift;
				PRODUCT_NAME = "$(TARGET_NAME)";
				SWIFT_VERSION = 5.0;
				TARGETED_DEVICE_FAMILY = "1,2";
			};
			name = Release;
		};
		BBFA647823CC8D3E00084620 /* Debug */ = {
			isa = XCBuildConfiguration;
			baseConfigurationReference = 3DA051FBBE3C4E769C5A1EB9 /* Pods-DaikiriSwiftTests.debug.xcconfig */;
			buildSettings = {
				BUNDLE_LOADER = "$(TEST_HOST)";
				CODE_SIGN_STYLE = Automatic;
				DEVELOPMENT_TEAM = F2VSE3YKKD;
				INFOPLIST_FILE = DaikiriSwiftTests/Info.plist;
				IPHONEOS_DEPLOYMENT_TARGET = 13.2;
				LD_RUNPATH_SEARCH_PATHS = (
					"$(inherited)",
					"@executable_path/Frameworks",
					"@loader_path/Frameworks",
				);
				PRODUCT_BUNDLE_IDENTIFIER = works.revo.DaikiriSwiftTests;
				PRODUCT_NAME = "$(TARGET_NAME)";
				SWIFT_VERSION = 5.0;
				TARGETED_DEVICE_FAMILY = "1,2";
				TEST_HOST = "$(BUILT_PRODUCTS_DIR)/DaikiriSwift.app/DaikiriSwift";
			};
			name = Debug;
		};
		BBFA647923CC8D3E00084620 /* Release */ = {
			isa = XCBuildConfiguration;
			baseConfigurationReference = A76A49C4B12031C8F2113193 /* Pods-DaikiriSwiftTests.release.xcconfig */;
			buildSettings = {
				BUNDLE_LOADER = "$(TEST_HOST)";
				CODE_SIGN_STYLE = Automatic;
				DEVELOPMENT_TEAM = F2VSE3YKKD;
				INFOPLIST_FILE = DaikiriSwiftTests/Info.plist;
				IPHONEOS_DEPLOYMENT_TARGET = 13.2;
				LD_RUNPATH_SEARCH_PATHS = (
					"$(inherited)",
					"@executable_path/Frameworks",
					"@loader_path/Frameworks",
				);
				PRODUCT_BUNDLE_IDENTIFIER = works.revo.DaikiriSwiftTests;
				PRODUCT_NAME = "$(TARGET_NAME)";
				SWIFT_VERSION = 5.0;
				TARGETED_DEVICE_FAMILY = "1,2";
				TEST_HOST = "$(BUILT_PRODUCTS_DIR)/DaikiriSwift.app/DaikiriSwift";
			};
			name = Release;
		};
/* End XCBuildConfiguration section */

/* Begin XCConfigurationList section */
		BBFA644D23CC8D3C00084620 /* Build configuration list for PBXProject "DaikiriSwift" */ = {
			isa = XCConfigurationList;
			buildConfigurations = (
				BBFA647223CC8D3E00084620 /* Debug */,
				BBFA647323CC8D3E00084620 /* Release */,
			);
			defaultConfigurationIsVisible = 0;
			defaultConfigurationName = Release;
		};
		BBFA647423CC8D3E00084620 /* Build configuration list for PBXNativeTarget "DaikiriSwift" */ = {
			isa = XCConfigurationList;
			buildConfigurations = (
				BBFA647523CC8D3E00084620 /* Debug */,
				BBFA647623CC8D3E00084620 /* Release */,
			);
			defaultConfigurationIsVisible = 0;
			defaultConfigurationName = Release;
		};
		BBFA647723CC8D3E00084620 /* Build configuration list for PBXNativeTarget "DaikiriSwiftTests" */ = {
			isa = XCConfigurationList;
			buildConfigurations = (
				BBFA647823CC8D3E00084620 /* Debug */,
				BBFA647923CC8D3E00084620 /* Release */,
			);
			defaultConfigurationIsVisible = 0;
			defaultConfigurationName = Release;
		};
/* End XCConfigurationList section */

/* Begin XCVersionGroup section */
		BBFA645E23CC8D3C00084620 /* DaikiriSwift.xcdatamodeld */ = {
			isa = XCVersionGroup;
			children = (
				BBFA645F23CC8D3C00084620 /* DaikiriSwift.xcdatamodel */,
			);
			currentVersion = BBFA645F23CC8D3C00084620 /* DaikiriSwift.xcdatamodel */;
			path = DaikiriSwift.xcdatamodeld;
			sourceTree = "<group>";
			versionGroupType = wrapper.xcdatamodel;
		};
/* End XCVersionGroup section */
	};
	rootObject = BBFA644A23CC8D3C00084620 /* Project object */;
}
